
Microsoft Visual Studio Solution File, Format Version 12.00
# Visual Studio Version 17
VisualStudioVersion = 17.0.31717.71
MinimumVisualStudioVersion = 10.0.40219.1
Project("{9A19103F-16F7-4668-BE54-9A1E7A4F7556}") = "Ecommerce.UI.Server", "Ecommerce.UI.Server.csproj", "{9C16B7C6-9663-4A52-BA56-D8A29197AEE4}"
EndProject
Global
	GlobalSection(SolutionConfigurationPlatforms) = preSolution
		Debug|Any CPU = Debug|Any CPU
		Release|Any CPU = Release|Any CPU
	EndGlobalSection
	GlobalSection(ProjectConfigurationPlatforms) = postSolution
		{9C16B7C6-9663-4A52-BA56-D8A29197AEE4}.Debug|Any CPU.ActiveCfg = Debug|Any CPU
		{9C16B7C6-9663-4A52-BA56-D8A29197AEE4}.Debug|Any CPU.Build.0 = Debug|Any CPU
		{9C16B7C6-9663-4A52-BA56-D8A29197AEE4}.Release|Any CPU.ActiveCfg = Release|Any CPU
		{9C16B7C6-9663-4A52-BA56-D8A29197AEE4}.Release|Any CPU.Build.0 = Release|Any CPU
	EndGlobalSection
	GlobalSection(SolutionProperties) = preSolution
		HideSolutionNode = FALSE
	EndGlobalSection
	GlobalSection(ExtensibilityGlobals) = postSolution
		SolutionGuid = {6C033F36-22A8-46E8-B695-386A795FF22B}
	EndGlobalSection
EndGlobal